{
    "_meta": {
        "hash": {
            "sha256": "9291928f803e1fdd99b45d38c666cc8cbefe723406123ac920107dbc4b6e8871"
        },
        "pipfile-spec": 6,
        "requires": {
            "python_version": "3.7"
        },
        "sources": [
            {
                "name": "pypi",
                "url": "https://pypi.org/simple",
                "verify_ssl": true
            }
        ]
    },
    "default": {
        "gendoku": {
            "editable": true,
            "path": "."
        }
    },
    "develop": {}
}
