{
    "_meta": {
        "hash": {
            "sha256": "6e4027688f3cdcfefc9f4e188245395777e85c55c85a9196a922020212a8de09"
        },
        "pipfile-spec": 6,
        "requires": {
            "python_version": "3.7"
        },
        "sources": [
            {
                "name": "pypi",
                "url": "https://pypi.org/simple",
                "verify_ssl": true
            }
        ]
    },
    "default": {
        "gendoku": {
            "path": "."
        }
    },
    "develop": {}
}
